
Microsoft Visual Studio Solution File, Format Version 12.00
# Visual Studio Version 17
VisualStudioVersion = 17.5.33414.496
MinimumVisualStudioVersion = 10.0.40219.1
Project("{FAE04EC0-301F-11D3-BF4B-00C04F79EFBC}") = "VerificarCPF", "VerificarCPF\VerificarCPF.csproj", "{16450FA3-34F3-4A86-95F0-F28FEAB7E2DC}"
EndProject
Global
	GlobalSection(SolutionConfigurationPlatforms) = preSolution
		Debug|Any CPU = Debug|Any CPU
		Release|Any CPU = Release|Any CPU
	EndGlobalSection
	GlobalSection(ProjectConfigurationPlatforms) = postSolution
		{16450FA3-34F3-4A86-95F0-F28FEAB7E2DC}.Debug|Any CPU.ActiveCfg = Debug|Any CPU
		{16450FA3-34F3-4A86-95F0-F28FEAB7E2DC}.Debug|Any CPU.Build.0 = Debug|Any CPU
		{16450FA3-34F3-4A86-95F0-F28FEAB7E2DC}.Release|Any CPU.ActiveCfg = Release|Any CPU
		{16450FA3-34F3-4A86-95F0-F28FEAB7E2DC}.Release|Any CPU.Build.0 = Release|Any CPU
	EndGlobalSection
	GlobalSection(SolutionProperties) = preSolution
		HideSolutionNode = FALSE
	EndGlobalSection
	GlobalSection(ExtensibilityGlobals) = postSolution
		SolutionGuid = {724202E1-8D37-4D07-BB7D-7BD4FD9B3932}
	EndGlobalSection
EndGlobal
