
Microsoft Visual Studio Solution File, Format Version 12.00
# Visual Studio Version 17
VisualStudioVersion = 17.5.33516.290
MinimumVisualStudioVersion = 10.0.40219.1
Project("{FAE04EC0-301F-11D3-BF4B-00C04F79EFBC}") = "gabarito_prova", "gabarito_prova\gabarito_prova.csproj", "{02E07654-2E13-43C1-B587-C45873AECC32}"
EndProject
Global
	GlobalSection(SolutionConfigurationPlatforms) = preSolution
		Debug|Any CPU = Debug|Any CPU
		Release|Any CPU = Release|Any CPU
	EndGlobalSection
	GlobalSection(ProjectConfigurationPlatforms) = postSolution
		{02E07654-2E13-43C1-B587-C45873AECC32}.Debug|Any CPU.ActiveCfg = Debug|Any CPU
		{02E07654-2E13-43C1-B587-C45873AECC32}.Debug|Any CPU.Build.0 = Debug|Any CPU
		{02E07654-2E13-43C1-B587-C45873AECC32}.Release|Any CPU.ActiveCfg = Release|Any CPU
		{02E07654-2E13-43C1-B587-C45873AECC32}.Release|Any CPU.Build.0 = Release|Any CPU
	EndGlobalSection
	GlobalSection(SolutionProperties) = preSolution
		HideSolutionNode = FALSE
	EndGlobalSection
	GlobalSection(ExtensibilityGlobals) = postSolution
		SolutionGuid = {221177CB-FE6F-422C-A27F-8FEA26CBDA81}
	EndGlobalSection
EndGlobal
